
Microsoft Visual Studio Solution File, Format Version 12.00
# Visual Studio 15
VisualStudioVersion = 15.0.28307.106
MinimumVisualStudioVersion = 10.0.40219.1
Project("{8BC9CEB8-8B4A-11D0-8D11-00A0C91BC942}") = "BullCowGame", "BullCowGame\BullCowGame.vcxproj", "{18426DAA-32B0-4722-8946-88C2F9993803}"
EndProject
Global
	GlobalSection(SolutionConfigurationPlatforms) = preSolution
		Debug|x64 = Debug|x64
		Debug|x86 = Debug|x86
		Release|x64 = Release|x64
		Release|x86 = Release|x86
	EndGlobalSection
	GlobalSection(ProjectConfigurationPlatforms) = postSolution
		{18426DAA-32B0-4722-8946-88C2F9993803}.Debug|x64.ActiveCfg = Debug|x64
		{18426DAA-32B0-4722-8946-88C2F9993803}.Debug|x64.Build.0 = Debug|x64
		{18426DAA-32B0-4722-8946-88C2F9993803}.Debug|x86.ActiveCfg = Debug|Win32
		{18426DAA-32B0-4722-8946-88C2F9993803}.Debug|x86.Build.0 = Debug|Win32
		{18426DAA-32B0-4722-8946-88C2F9993803}.Release|x64.ActiveCfg = Release|x64
		{18426DAA-32B0-4722-8946-88C2F9993803}.Release|x64.Build.0 = Release|x64
		{18426DAA-32B0-4722-8946-88C2F9993803}.Release|x86.ActiveCfg = Release|Win32
		{18426DAA-32B0-4722-8946-88C2F9993803}.Release|x86.Build.0 = Release|Win32
	EndGlobalSection
	GlobalSection(SolutionProperties) = preSolution
		HideSolutionNode = FALSE
	EndGlobalSection
	GlobalSection(ExtensibilityGlobals) = postSolution
		SolutionGuid = {F2A44138-4B64-4AA3-998B-444CBD4E2867}
	EndGlobalSection
EndGlobal
